
Microsoft Visual Studio Solution File, Format Version 12.00
# Visual Studio Version 17
VisualStudioVersion = 17.13.35825.156 d17.13
MinimumVisualStudioVersion = 10.0.40219.1
Project("{FAE04EC0-301F-11D3-BF4B-00C04F79EFBC}") = "TestWebApi1", "TestWebApi1\TestWebApi1.csproj", "{4D3A8A31-E082-481A-84CB-B205F814A33C}"
EndProject
Project("{FAE04EC0-301F-11D3-BF4B-00C04F79EFBC}") = "Entities", "Entities\Entities.csproj", "{6493832C-979A-4A3D-BC44-8589D113BA1A}"
EndProject
Global
	GlobalSection(SolutionConfigurationPlatforms) = preSolution
		Debug|Any CPU = Debug|Any CPU
		Release|Any CPU = Release|Any CPU
	EndGlobalSection
	GlobalSection(ProjectConfigurationPlatforms) = postSolution
		{4D3A8A31-E082-481A-84CB-B205F814A33C}.Debug|Any CPU.ActiveCfg = Debug|Any CPU
		{4D3A8A31-E082-481A-84CB-B205F814A33C}.Debug|Any CPU.Build.0 = Debug|Any CPU
		{4D3A8A31-E082-481A-84CB-B205F814A33C}.Release|Any CPU.ActiveCfg = Release|Any CPU
		{4D3A8A31-E082-481A-84CB-B205F814A33C}.Release|Any CPU.Build.0 = Release|Any CPU
		{6493832C-979A-4A3D-BC44-8589D113BA1A}.Debug|Any CPU.ActiveCfg = Debug|Any CPU
		{6493832C-979A-4A3D-BC44-8589D113BA1A}.Debug|Any CPU.Build.0 = Debug|Any CPU
		{6493832C-979A-4A3D-BC44-8589D113BA1A}.Release|Any CPU.ActiveCfg = Release|Any CPU
		{6493832C-979A-4A3D-BC44-8589D113BA1A}.Release|Any CPU.Build.0 = Release|Any CPU
	EndGlobalSection
	GlobalSection(SolutionProperties) = preSolution
		HideSolutionNode = FALSE
	EndGlobalSection
	GlobalSection(ExtensibilityGlobals) = postSolution
		SolutionGuid = {6A403478-582E-4F67-AE52-5A467EAC3A9A}
	EndGlobalSection
EndGlobal
